{
  "pins" : [
    {
      "identity" : "capacitor-swift-pm",
      "kind" : "remoteSourceControl",
      "location" : "https://github.com/ionic-team/capacitor-swift-pm.git",
      "state" : {
        "revision" : "0e862e6ff13852a710c8a484180ca4d6a2cc9761",
        "version" : "8.2.0"
      }
    },
    {
      "identity" : "cocoalumberjack",
      "kind" : "remoteSourceControl",
      "location" : "https://github.com/CocoaLumberjack/CocoaLumberjack.git",
      "state" : {
        "revision" : "a9ed4b6f9bdedce7d77046f43adfb8ce1fd54114",
        "version" : "3.9.0"
      }
    },
    {
      "identity" : "native-background-geolocation",
      "kind" : "remoteSourceControl",
      "location" : "https://github.com/transistorsoft/native-background-geolocation.git",
      "state" : {
        "revision" : "f36d689ab2415a53fc74643532e2e04fbf321306",
        "version" : "4.0.21"
      }
    },
    {
      "identity" : "swift-log",
      "kind" : "remoteSourceControl",
      "location" : "https://github.com/apple/swift-log",
      "state" : {
        "revision" : "ce592ae52f982c847a4efc0dd881cc9eb32d29f2",
        "version" : "1.6.4"
      }
    },
    {
      "identity" : "transistor-background-fetch",
      "kind" : "remoteSourceControl",
      "location" : "https://github.com/transistorsoft/transistor-background-fetch.git",
      "state" : {
        "revision" : "ba64a5ca902b36601a0c8a9a46d5510cf7a63c1c",
        "version" : "4.0.6"
      }
    }
  ],
  "version" : 2
}
