{
  "originHash" : "76c18380307c0f42e53214f674877013a8add9af98c490bea7445a16c24007f6",
  "pins" : [
    {
      "identity" : "capacitor-swift-pm",
      "kind" : "remoteSourceControl",
      "location" : "https://github.com/ionic-team/capacitor-swift-pm.git",
      "state" : {
        "revision" : "0e862e6ff13852a710c8a484180ca4d6a2cc9761",
        "version" : "8.2.0"
      }
    },
    {
      "identity" : "cocoalumberjack",
      "kind" : "remoteSourceControl",
      "location" : "https://github.com/CocoaLumberjack/CocoaLumberjack.git",
      "state" : {
        "revision" : "a9ed4b6f9bdedce7d77046f43adfb8ce1fd54114",
        "version" : "3.9.0"
      }
    },
    {
      "identity" : "native-background-geolocation",
      "kind" : "remoteSourceControl",
      "location" : "https://github.com/transistorsoft/native-background-geolocation.git",
      "state" : {
        "revision" : "617ec9de244a406dfc4ebaa771e2180509b2f3e1",
        "version" : "4.0.29"
      }
    },
    {
      "identity" : "swift-log",
      "kind" : "remoteSourceControl",
      "location" : "https://github.com/apple/swift-log",
      "state" : {
        "revision" : "bbd81b6725ae874c69e9b8c8804d462356b55523",
        "version" : "1.10.1"
      }
    },
    {
      "identity" : "transistor-background-fetch",
      "kind" : "remoteSourceControl",
      "location" : "https://github.com/transistorsoft/transistor-background-fetch.git",
      "state" : {
        "revision" : "ba64a5ca902b36601a0c8a9a46d5510cf7a63c1c",
        "version" : "4.0.6"
      }
    }
  ],
  "version" : 3
}
